Microsoft Visual Studio Solution File, Format Version 12.00
# Visual Studio Version 17
VisualStudioVersion = 17.5.2.0
MinimumVisualStudioVersion = 10.0.40219.1
Project("{FAE04EC0-301F-11D3-BF4B-00C04F79EFBC}") = "TheEmployeeAPI", "TheEmployeeAPI.csproj", "{3676712E-5DA4-56AE-8367-098B53E343ED}"
EndProject
Global
	GlobalSection(SolutionConfigurationPlatforms) = preSolution
		Debug|Any CPU = Debug|Any CPU
		Release|Any CPU = Release|Any CPU
	EndGlobalSection
	GlobalSection(ProjectConfigurationPlatforms) = postSolution
		{3676712E-5DA4-56AE-8367-098B53E343ED}.Debug|Any CPU.ActiveCfg = Debug|Any CPU
		{3676712E-5DA4-56AE-8367-098B53E343ED}.Debug|Any CPU.Build.0 = Debug|Any CPU
		{3676712E-5DA4-56AE-8367-098B53E343ED}.Release|Any CPU.ActiveCfg = Release|Any CPU
		{3676712E-5DA4-56AE-8367-098B53E343ED}.Release|Any CPU.Build.0 = Release|Any CPU
	EndGlobalSection
	GlobalSection(SolutionProperties) = preSolution
		HideSolutionNode = FALSE
	EndGlobalSection
	GlobalSection(ExtensibilityGlobals) = postSolution
		SolutionGuid = {B42F4B7A-DEEB-444F-A292-050AFCC45F62}
	EndGlobalSection
EndGlobal
